
Microsoft Visual Studio Solution File, Format Version 12.00
# Visual Studio Version 17
VisualStudioVersion = 17.10.35013.160
MinimumVisualStudioVersion = 10.0.40219.1
Project("{FAE04EC0-301F-11D3-BF4B-00C04F79EFBC}") = "GenericHostWpfApp", "GenericHostWpfApp\GenericHostWpfApp.csproj", "{F795093E-2053-445D-9008-5ECC66F48D92}"
EndProject
Project("{2150E333-8FDC-42A3-9474-1A3956D46DE8}") = "ソリューション項目", "ソリューション項目", "{67AF62F8-79A0-4CA8-913A-35DC9FA4845B}"
	ProjectSection(SolutionItems) = preProject
		README.md = README.md
	EndProjectSection
EndProject
Global
	GlobalSection(SolutionConfigurationPlatforms) = preSolution
		Debug|Any CPU = Debug|Any CPU
		Release|Any CPU = Release|Any CPU
	EndGlobalSection
	GlobalSection(ProjectConfigurationPlatforms) = postSolution
		{F795093E-2053-445D-9008-5ECC66F48D92}.Debug|Any CPU.ActiveCfg = Debug|Any CPU
		{F795093E-2053-445D-9008-5ECC66F48D92}.Debug|Any CPU.Build.0 = Debug|Any CPU
		{F795093E-2053-445D-9008-5ECC66F48D92}.Release|Any CPU.ActiveCfg = Release|Any CPU
		{F795093E-2053-445D-9008-5ECC66F48D92}.Release|Any CPU.Build.0 = Release|Any CPU
	EndGlobalSection
	GlobalSection(SolutionProperties) = preSolution
		HideSolutionNode = FALSE
	EndGlobalSection
	GlobalSection(ExtensibilityGlobals) = postSolution
		SolutionGuid = {FAB7FE61-9C7B-4406-8489-C6CD1EE9645C}
	EndGlobalSection
EndGlobal
